{
    "_readme": [
        "This file locks the dependencies of your project to a known state",
        "Read more about it at https://getcomposer.org/doc/01-basic-usage.md#composer-lock-the-lock-file",
        "This file is @generated automatically"
    ],
    "hash": "5f31f90654bb972cef2fdaf2f57386b8",
    "content-hash": "73863ef94c9cb5023068f00b3f942dfd",
    "packages": [
        {
            "name": "abraham/twitteroauth",
            "version": "0.6.3",
            "source": {
                "type": "git",
                "url": "https://github.com/abraham/twitteroauth.git",
                "reference": "6bcc5e866423e499a962a00a06df07da880c0c1c"
            },
            "dist": {
                "type": "zip",
                "url": "https://api.github.com/repos/abraham/twitteroauth/zipball/6bcc5e866423e499a962a00a06df07da880c0c1c",
                "reference": "6bcc5e866423e499a962a00a06df07da880c0c1c",
                "shasum": ""
            },
            "require": {
                "ext-curl": "*",
                "php": ">=5.5.0"
            },
            "require-dev": {
                "phpmd/phpmd": "2.3.*",
                "phpunit/phpunit": "4.8.*",
                "squizlabs/php_codesniffer": "2.3.*"
            },
            "type": "library",
            "autoload": {
                "psr-4": {
                    "Abraham\\TwitterOAuth\\": "src"
                }
            },
            "notification-url": "https://packagist.org/downloads/",
            "license": [
                "MIT"
            ],
            "authors": [
                {
                    "name": "Abraham Williams",
                    "email": "abraham@abrah.am",
                    "homepage": "https://abrah.am",
                    "role": "Developer"
                }
            ],
            "description": "The most popular PHP library for use with the Twitter OAuth REST API.",
            "homepage": "https://twitteroauth.com",
            "keywords": [
                "Twitter API",
                "Twitter oAuth",
                "api",
                "oauth",
                "rest",
                "social",
                "twitter"
            ],
            "time": "2016-03-30 11:14:45"
        },
        {
            "name": "hrn4n/magic",
            "version": "1.1.0",
            "source": {
                "type": "git",
                "url": "https://github.com/hrn4n/magic.git",
                "reference": "925d4b43ec69ccc791330b9c0e0c951251a2949f"
            },
            "dist": {
                "type": "zip",
                "url": "https://api.github.com/repos/hrn4n/magic/zipball/925d4b43ec69ccc791330b9c0e0c951251a2949f",
                "reference": "925d4b43ec69ccc791330b9c0e0c951251a2949f",
                "shasum": ""
            },
            "type": "library",
            "autoload": {
                "psr-4": {
                    "Access\\": "src/"
                }
            },
            "notification-url": "https://packagist.org/downloads/",
            "license": [
                "MIT"
            ],
            "authors": [
                {
                    "name": "Hernán Ruíz",
                    "email": "hernan@null.net"
                }
            ],
            "description": "Magic getters and setters for your classes",
            "keywords": [
                "getters",
                "magic",
                "setters"
            ],
            "time": "2016-03-26 22:52:29"
        },
        {
            "name": "vlucas/phpdotenv",
            "version": "v2.2.0",
            "source": {
                "type": "git",
                "url": "https://github.com/vlucas/phpdotenv.git",
                "reference": "9caf304153dc2288e4970caec6f1f3b3bc205412"
            },
            "dist": {
                "type": "zip",
                "url": "https://api.github.com/repos/vlucas/phpdotenv/zipball/9caf304153dc2288e4970caec6f1f3b3bc205412",
                "reference": "9caf304153dc2288e4970caec6f1f3b3bc205412",
                "shasum": ""
            },
            "require": {
                "php": ">=5.3.9"
            },
            "require-dev": {
                "phpunit/phpunit": "^4.8|^5.0"
            },
            "type": "library",
            "extra": {
                "branch-alias": {
                    "dev-master": "2.2-dev"
                }
            },
            "autoload": {
                "psr-4": {
                    "Dotenv\\": "src/"
                }
            },
            "notification-url": "https://packagist.org/downloads/",
            "license": [
                "BSD"
            ],
            "authors": [
                {
                    "name": "Vance Lucas",
                    "email": "vance@vancelucas.com",
                    "homepage": "http://www.vancelucas.com"
                }
            ],
            "description": "Loads environment variables from `.env` to `getenv()`, `$_ENV` and `$_SERVER` automagically.",
            "homepage": "http://github.com/vlucas/phpdotenv",
            "keywords": [
                "dotenv",
                "env",
                "environment"
            ],
            "time": "2015-12-29 15:10:30"
        }
    ],
    "packages-dev": [],
    "aliases": [],
    "minimum-stability": "stable",
    "stability-flags": [],
    "prefer-stable": false,
    "prefer-lowest": false,
    "platform": [],
    "platform-dev": []
}
